
Microsoft Visual Studio Solution File, Format Version 12.00
# Visual Studio Version 17
VisualStudioVersion = 17.9.34607.119
MinimumVisualStudioVersion = 10.0.40219.1
Project("{FAE04EC0-301F-11D3-BF4B-00C04F79EFBC}") = "Mission11_Corfield", "Mission11_Corfield\Mission11_Corfield.csproj", "{1BE6A9F9-55BD-4E2F-8722-9AA4D2FC528F}"
EndProject
Global
	GlobalSection(SolutionConfigurationPlatforms) = preSolution
		Debug|Any CPU = Debug|Any CPU
		Release|Any CPU = Release|Any CPU
	EndGlobalSection
	GlobalSection(ProjectConfigurationPlatforms) = postSolution
		{1BE6A9F9-55BD-4E2F-8722-9AA4D2FC528F}.Debug|Any CPU.ActiveCfg = Debug|Any CPU
		{1BE6A9F9-55BD-4E2F-8722-9AA4D2FC528F}.Debug|Any CPU.Build.0 = Debug|Any CPU
		{1BE6A9F9-55BD-4E2F-8722-9AA4D2FC528F}.Release|Any CPU.ActiveCfg = Release|Any CPU
		{1BE6A9F9-55BD-4E2F-8722-9AA4D2FC528F}.Release|Any CPU.Build.0 = Release|Any CPU
	EndGlobalSection
	GlobalSection(SolutionProperties) = preSolution
		HideSolutionNode = FALSE
	EndGlobalSection
	GlobalSection(ExtensibilityGlobals) = postSolution
		SolutionGuid = {AB1FA697-808E-4DD3-9108-346CD3C61708}
	EndGlobalSection
EndGlobal
